// !$*UTF8*$!
{
	archiveVersion = 1;
	classes = {
	};
	objectVersion = 56;
	objects = {

/* Begin PBXBuildFile section */
		30637DC1185D608E344FC406 /* Pods_Vibra.framework in Frameworks */ = {isa = PBXBuildFile; fileRef = 8EB72EBB854C77B170D2861D /* Pods_Vibra.framework */; };
		9B3F15202A37855D006827CA /* AuthResponse.swift in Sources */ = {isa = PBXBuildFile; fileRef = 9B3F151F2A37855D006827CA /* AuthResponse.swift */; };
		9BB23C4D2A43366700E85107 /* SettingsModels.swift in Sources */ = {isa = PBXBuildFile; fileRef = 9BB23C4C2A43366700E85107 /* SettingsModels.swift */; };
		9BB23C4F2A445F9300E85107 /* NewReleasesResponse.swift in Sources */ = {isa = PBXBuildFile; fileRef = 9BB23C4E2A445F9300E85107 /* NewReleasesResponse.swift */; };
		9BB23C512A4460EE00E85107 /* APIImage.swift in Sources */ = {isa = PBXBuildFile; fileRef = 9BB23C502A4460EE00E85107 /* APIImage.swift */; };
		9BB23C532A44659000E85107 /* FeaturedPlaylistResponse.swift in Sources */ = {isa = PBXBuildFile; fileRef = 9BB23C522A44659000E85107 /* FeaturedPlaylistResponse.swift */; };
		9BB23C552A4468E600E85107 /* RecoommendedGenreResponse.swift in Sources */ = {isa = PBXBuildFile; fileRef = 9BB23C542A4468E600E85107 /* RecoommendedGenreResponse.swift */; };
		9BB23C572A446D2000E85107 /* RecommendationsResponse.swift in Sources */ = {isa = PBXBuildFile; fileRef = 9BB23C562A446D2000E85107 /* RecommendationsResponse.swift */; };
		9BB23C5A2A44BE3000E85107 /* NewReleaseCollectionViewCell.swift in Sources */ = {isa = PBXBuildFile; fileRef = 9BB23C592A44BE3000E85107 /* NewReleaseCollectionViewCell.swift */; };
		9BB23C5C2A44BE4300E85107 /* FeaturedPlaylistCollectionViewCell.swift in Sources */ = {isa = PBXBuildFile; fileRef = 9BB23C5B2A44BE4300E85107 /* FeaturedPlaylistCollectionViewCell.swift */; };
		9BB23C5E2A44BE5200E85107 /* RecommendedTrackCollectionViewCell.swift in Sources */ = {isa = PBXBuildFile; fileRef = 9BB23C5D2A44BE5200E85107 /* RecommendedTrackCollectionViewCell.swift */; };
		9BB23C602A44DA8800E85107 /* NewReleasesCellViewModel.swift in Sources */ = {isa = PBXBuildFile; fileRef = 9BB23C5F2A44DA8800E85107 /* NewReleasesCellViewModel.swift */; };
		9BB23C622A45935C00E85107 /* FeaturedPlaylistCellViewModel.swift in Sources */ = {isa = PBXBuildFile; fileRef = 9BB23C612A45935C00E85107 /* FeaturedPlaylistCellViewModel.swift */; };
		9BB23C642A4593AD00E85107 /* RecommendedTrackCellViewModel.swift in Sources */ = {isa = PBXBuildFile; fileRef = 9BB23C632A4593AD00E85107 /* RecommendedTrackCellViewModel.swift */; };
		9BC05F582A290F78005D6B45 /* AppDelegate.swift in Sources */ = {isa = PBXBuildFile; fileRef = 9BC05F572A290F78005D6B45 /* AppDelegate.swift */; };
		9BC05F5A2A290F78005D6B45 /* SceneDelegate.swift in Sources */ = {isa = PBXBuildFile; fileRef = 9BC05F592A290F78005D6B45 /* SceneDelegate.swift */; };
		9BC05F5C2A290F78005D6B45 /* HomeViewController.swift in Sources */ = {isa = PBXBuildFile; fileRef = 9BC05F5B2A290F78005D6B45 /* HomeViewController.swift */; };
		9BC05F612A290F79005D6B45 /* Assets.xcassets in Resources */ = {isa = PBXBuildFile; fileRef = 9BC05F602A290F79005D6B45 /* Assets.xcassets */; };
		9BC05F642A290F79005D6B45 /* LaunchScreen.storyboard in Resources */ = {isa = PBXBuildFile; fileRef = 9BC05F622A290F79005D6B45 /* LaunchScreen.storyboard */; };
		9BC05F712A2911A9005D6B45 /* TabBarViewController.swift in Sources */ = {isa = PBXBuildFile; fileRef = 9BC05F702A2911A9005D6B45 /* TabBarViewController.swift */; };
		9BC05F732A2914D6005D6B45 /* SearchViewController.swift in Sources */ = {isa = PBXBuildFile; fileRef = 9BC05F722A2914D6005D6B45 /* SearchViewController.swift */; };
		9BC05F752A2914F5005D6B45 /* LibaryViewController.swift in Sources */ = {isa = PBXBuildFile; fileRef = 9BC05F742A2914F5005D6B45 /* LibaryViewController.swift */; };
		9BC05F792A29153D005D6B45 /* AuthViewController.swift in Sources */ = {isa = PBXBuildFile; fileRef = 9BC05F782A29153D005D6B45 /* AuthViewController.swift */; };
		9BC05F7B2A29154B005D6B45 /* WelcomeViewController.swift in Sources */ = {isa = PBXBuildFile; fileRef = 9BC05F7A2A29154B005D6B45 /* WelcomeViewController.swift */; };
		9BC05F7D2A29156A005D6B45 /* SettingsViewController.swift in Sources */ = {isa = PBXBuildFile; fileRef = 9BC05F7C2A29156A005D6B45 /* SettingsViewController.swift */; };
		9BC05F7F2A291579005D6B45 /* ProfileViewController.swift in Sources */ = {isa = PBXBuildFile; fileRef = 9BC05F7E2A291579005D6B45 /* ProfileViewController.swift */; };
		9BC05F812A29158A005D6B45 /* PlayerViewController.swift in Sources */ = {isa = PBXBuildFile; fileRef = 9BC05F802A29158A005D6B45 /* PlayerViewController.swift */; };
		9BC05F832A291598005D6B45 /* PlaylistViewController.swift in Sources */ = {isa = PBXBuildFile; fileRef = 9BC05F822A291598005D6B45 /* PlaylistViewController.swift */; };
		9BC05F852A2915B1005D6B45 /* SearchResultsViewController.swift in Sources */ = {isa = PBXBuildFile; fileRef = 9BC05F842A2915B1005D6B45 /* SearchResultsViewController.swift */; };
		9BC05F872A2915DD005D6B45 /* AuthManager.swift in Sources */ = {isa = PBXBuildFile; fileRef = 9BC05F862A2915DD005D6B45 /* AuthManager.swift */; };
		9BC05F892A2915EF005D6B45 /* APICaller.swift in Sources */ = {isa = PBXBuildFile; fileRef = 9BC05F882A2915EF005D6B45 /* APICaller.swift */; };
		9BC05F8B2A291601005D6B45 /* HapticsManager.swift in Sources */ = {isa = PBXBuildFile; fileRef = 9BC05F8A2A291601005D6B45 /* HapticsManager.swift */; };
		9BC05F8E2A29162A005D6B45 /* Playlist.swift in Sources */ = {isa = PBXBuildFile; fileRef = 9BC05F8D2A29162A005D6B45 /* Playlist.swift */; };
		9BC05F902A29163F005D6B45 /* AudioTrack.swift in Sources */ = {isa = PBXBuildFile; fileRef = 9BC05F8F2A29163F005D6B45 /* AudioTrack.swift */; };
		9BC05F922A291647005D6B45 /* Artist.swift in Sources */ = {isa = PBXBuildFile; fileRef = 9BC05F912A291647005D6B45 /* Artist.swift */; };
		9BC05F942A29165E005D6B45 /* UserProfile.swift in Sources */ = {isa = PBXBuildFile; fileRef = 9BC05F932A29165E005D6B45 /* UserProfile.swift */; };
		9BC05F962A29F25D005D6B45 /* Extensions.swift in Sources */ = {isa = PBXBuildFile; fileRef = 9BC05F952A29F25D005D6B45 /* Extensions.swift */; };
/* End PBXBuildFile section */

/* Begin PBXFileReference section */
		8EB72EBB854C77B170D2861D /* Pods_Vibra.framework */ = {isa = PBXFileReference; explicitFileType = wrapper.framework; includeInIndex = 0; path = Pods_Vibra.framework; sourceTree = BUILT_PRODUCTS_DIR; };
		9B3F151F2A37855D006827CA /* AuthResponse.swift */ = {isa = PBXFileReference; lastKnownFileType = sourcecode.swift; path = AuthResponse.swift; sourceTree = "<group>"; };
		9BB23C4C2A43366700E85107 /* SettingsModels.swift */ = {isa = PBXFileReference; lastKnownFileType = sourcecode.swift; path = SettingsModels.swift; sourceTree = "<group>"; };
		9BB23C4E2A445F9300E85107 /* NewReleasesResponse.swift */ = {isa = PBXFileReference; lastKnownFileType = sourcecode.swift; path = NewReleasesResponse.swift; sourceTree = "<group>"; };
		9BB23C502A4460EE00E85107 /* APIImage.swift */ = {isa = PBXFileReference; lastKnownFileType = sourcecode.swift; path = APIImage.swift; sourceTree = "<group>"; };
		9BB23C522A44659000E85107 /* FeaturedPlaylistResponse.swift */ = {isa = PBXFileReference; lastKnownFileType = sourcecode.swift; path = FeaturedPlaylistResponse.swift; sourceTree = "<group>"; };
		9BB23C542A4468E600E85107 /* RecoommendedGenreResponse.swift */ = {isa = PBXFileReference; lastKnownFileType = sourcecode.swift; path = RecoommendedGenreResponse.swift; sourceTree = "<group>"; };
		9BB23C562A446D2000E85107 /* RecommendationsResponse.swift */ = {isa = PBXFileReference; lastKnownFileType = sourcecode.swift; path = RecommendationsResponse.swift; sourceTree = "<group>"; };
		9BB23C592A44BE3000E85107 /* NewReleaseCollectionViewCell.swift */ = {isa = PBXFileReference; lastKnownFileType = sourcecode.swift; path = NewReleaseCollectionViewCell.swift; sourceTree = "<group>"; };
		9BB23C5B2A44BE4300E85107 /* FeaturedPlaylistCollectionViewCell.swift */ = {isa = PBXFileReference; lastKnownFileType = sourcecode.swift; path = FeaturedPlaylistCollectionViewCell.swift; sourceTree = "<group>"; };
		9BB23C5D2A44BE5200E85107 /* RecommendedTrackCollectionViewCell.swift */ = {isa = PBXFileReference; lastKnownFileType = sourcecode.swift; path = RecommendedTrackCollectionViewCell.swift; sourceTree = "<group>"; };
		9BB23C5F2A44DA8800E85107 /* NewReleasesCellViewModel.swift */ = {isa = PBXFileReference; lastKnownFileType = sourcecode.swift; path = NewReleasesCellViewModel.swift; sourceTree = "<group>"; };
		9BB23C612A45935C00E85107 /* FeaturedPlaylistCellViewModel.swift */ = {isa = PBXFileReference; lastKnownFileType = sourcecode.swift; path = FeaturedPlaylistCellViewModel.swift; sourceTree = "<group>"; };
		9BB23C632A4593AD00E85107 /* RecommendedTrackCellViewModel.swift */ = {isa = PBXFileReference; lastKnownFileType = sourcecode.swift; path = RecommendedTrackCellViewModel.swift; sourceTree = "<group>"; };
		9BC05F542A290F78005D6B45 /* Vibra.app */ = {isa = PBXFileReference; explicitFileType = wrapper.application; includeInIndex = 0; path = Vibra.app; sourceTree = BUILT_PRODUCTS_DIR; };
		9BC05F572A290F78005D6B45 /* AppDelegate.swift */ = {isa = PBXFileReference; lastKnownFileType = sourcecode.swift; path = AppDelegate.swift; sourceTree = "<group>"; };
		9BC05F592A290F78005D6B45 /* SceneDelegate.swift */ = {isa = PBXFileReference; lastKnownFileType = sourcecode.swift; path = SceneDelegate.swift; sourceTree = "<group>"; };
		9BC05F5B2A290F78005D6B45 /* HomeViewController.swift */ = {isa = PBXFileReference; lastKnownFileType = sourcecode.swift; path = HomeViewController.swift; sourceTree = "<group>"; };
		9BC05F602A290F79005D6B45 /* Assets.xcassets */ = {isa = PBXFileReference; lastKnownFileType = folder.assetcatalog; path = Assets.xcassets; sourceTree = "<group>"; };
		9BC05F632A290F79005D6B45 /* Base */ = {isa = PBXFileReference; lastKnownFileType = file.storyboard; name = Base; path = Base.lproj/LaunchScreen.storyboard; sourceTree = "<group>"; };
		9BC05F652A290F79005D6B45 /* Info.plist */ = {isa = PBXFileReference; lastKnownFileType = text.plist.xml; path = Info.plist; sourceTree = "<group>"; };
		9BC05F702A2911A9005D6B45 /* TabBarViewController.swift */ = {isa = PBXFileReference; lastKnownFileType = sourcecode.swift; path = TabBarViewController.swift; sourceTree = "<group>"; };
		9BC05F722A2914D6005D6B45 /* SearchViewController.swift */ = {isa = PBXFileReference; lastKnownFileType = sourcecode.swift; path = SearchViewController.swift; sourceTree = "<group>"; };
		9BC05F742A2914F5005D6B45 /* LibaryViewController.swift */ = {isa = PBXFileReference; lastKnownFileType = sourcecode.swift; path = LibaryViewController.swift; sourceTree = "<group>"; };
		9BC05F782A29153D005D6B45 /* AuthViewController.swift */ = {isa = PBXFileReference; lastKnownFileType = sourcecode.swift; path = AuthViewController.swift; sourceTree = "<group>"; };
		9BC05F7A2A29154B005D6B45 /* WelcomeViewController.swift */ = {isa = PBXFileReference; lastKnownFileType = sourcecode.swift; path = WelcomeViewController.swift; sourceTree = "<group>"; };
		9BC05F7C2A29156A005D6B45 /* SettingsViewController.swift */ = {isa = PBXFileReference; lastKnownFileType = sourcecode.swift; path = SettingsViewController.swift; sourceTree = "<group>"; };
		9BC05F7E2A291579005D6B45 /* ProfileViewController.swift */ = {isa = PBXFileReference; lastKnownFileType = sourcecode.swift; path = ProfileViewController.swift; sourceTree = "<group>"; };
		9BC05F802A29158A005D6B45 /* PlayerViewController.swift */ = {isa = PBXFileReference; lastKnownFileType = sourcecode.swift; path = PlayerViewController.swift; sourceTree = "<group>"; };
		9BC05F822A291598005D6B45 /* PlaylistViewController.swift */ = {isa = PBXFileReference; lastKnownFileType = sourcecode.swift; path = PlaylistViewController.swift; sourceTree = "<group>"; };
		9BC05F842A2915B1005D6B45 /* SearchResultsViewController.swift */ = {isa = PBXFileReference; lastKnownFileType = sourcecode.swift; path = SearchResultsViewController.swift; sourceTree = "<group>"; };
		9BC05F862A2915DD005D6B45 /* AuthManager.swift */ = {isa = PBXFileReference; lastKnownFileType = sourcecode.swift; path = AuthManager.swift; sourceTree = "<group>"; };
		9BC05F882A2915EF005D6B45 /* APICaller.swift */ = {isa = PBXFileReference; lastKnownFileType = sourcecode.swift; path = APICaller.swift; sourceTree = "<group>"; };
		9BC05F8A2A291601005D6B45 /* HapticsManager.swift */ = {isa = PBXFileReference; lastKnownFileType = sourcecode.swift; path = HapticsManager.swift; sourceTree = "<group>"; };
		9BC05F8D2A29162A005D6B45 /* Playlist.swift */ = {isa = PBXFileReference; lastKnownFileType = sourcecode.swift; path = Playlist.swift; sourceTree = "<group>"; };
		9BC05F8F2A29163F005D6B45 /* AudioTrack.swift */ = {isa = PBXFileReference; lastKnownFileType = sourcecode.swift; path = AudioTrack.swift; sourceTree = "<group>"; };
		9BC05F912A291647005D6B45 /* Artist.swift */ = {isa = PBXFileReference; lastKnownFileType = sourcecode.swift; path = Artist.swift; sourceTree = "<group>"; };
		9BC05F932A29165E005D6B45 /* UserProfile.swift */ = {isa = PBXFileReference; lastKnownFileType = sourcecode.swift; path = UserProfile.swift; sourceTree = "<group>"; };
		9BC05F952A29F25D005D6B45 /* Extensions.swift */ = {isa = PBXFileReference; lastKnownFileType = sourcecode.swift; path = Extensions.swift; sourceTree = "<group>"; };
		CFC62AA2599371279B7B210B /* Pods-Vibra.release.xcconfig */ = {isa = PBXFileReference; includeInIndex = 1; lastKnownFileType = text.xcconfig; name = "Pods-Vibra.release.xcconfig"; path = "Target Support Files/Pods-Vibra/Pods-Vibra.release.xcconfig"; sourceTree = "<group>"; };
		E59B46A5BFDA46B0739A8E16 /* Pods-Vibra.debug.xcconfig */ = {isa = PBXFileReference; includeInIndex = 1; lastKnownFileType = text.xcconfig; name = "Pods-Vibra.debug.xcconfig"; path = "Target Support Files/Pods-Vibra/Pods-Vibra.debug.xcconfig"; sourceTree = "<group>"; };
/* End PBXFileReference section */

/* Begin PBXFrameworksBuildPhase section */
		9BC05F512A290F78005D6B45 /* Frameworks */ = {
			isa = PBXFrameworksBuildPhase;
			buildActionMask = 2147483647;
			files = (
				30637DC1185D608E344FC406 /* Pods_Vibra.framework in Frameworks */,
			);
			runOnlyForDeploymentPostprocessing = 0;
		};
/* End PBXFrameworksBuildPhase section */

/* Begin PBXGroup section */
		476832F592A601D1BE86F38B /* Pods */ = {
			isa = PBXGroup;
			children = (
				E59B46A5BFDA46B0739A8E16 /* Pods-Vibra.debug.xcconfig */,
				CFC62AA2599371279B7B210B /* Pods-Vibra.release.xcconfig */,
			);
			path = Pods;
			sourceTree = "<group>";
		};
		67E82FAB0D346D42E55647E0 /* Frameworks */ = {
			isa = PBXGroup;
			children = (
				8EB72EBB854C77B170D2861D /* Pods_Vibra.framework */,
			);
			name = Frameworks;
			sourceTree = "<group>";
		};
		9BB23C582A44BDF800E85107 /* Browse */ = {
			isa = PBXGroup;
			children = (
				9BB23C592A44BE3000E85107 /* NewReleaseCollectionViewCell.swift */,
				9BB23C5B2A44BE4300E85107 /* FeaturedPlaylistCollectionViewCell.swift */,
				9BB23C5D2A44BE5200E85107 /* RecommendedTrackCollectionViewCell.swift */,
			);
			path = Browse;
			sourceTree = "<group>";
		};
		9BC05F4B2A290F78005D6B45 = {
			isa = PBXGroup;
			children = (
				9BC05F562A290F78005D6B45 /* Vibra */,
				9BC05F552A290F78005D6B45 /* Products */,
				476832F592A601D1BE86F38B /* Pods */,
				67E82FAB0D346D42E55647E0 /* Frameworks */,
			);
			sourceTree = "<group>";
		};
		9BC05F552A290F78005D6B45 /* Products */ = {
			isa = PBXGroup;
			children = (
				9BC05F542A290F78005D6B45 /* Vibra.app */,
			);
			name = Products;
			sourceTree = "<group>";
		};
		9BC05F562A290F78005D6B45 /* Vibra */ = {
			isa = PBXGroup;
			children = (
				9BC05F6F2A291016005D6B45 /* Resources */,
				9BC05F6E2A29100E005D6B45 /* Managers */,
				9BC05F6D2A290FFA005D6B45 /* ViewModel */,
				9BC05F8C2A291615005D6B45 /* Models */,
				9BC05F6C2A290FF3005D6B45 /* Views */,
				9BC05F6B2A290FE6005D6B45 /* Controllers */,
				9BC05F652A290F79005D6B45 /* Info.plist */,
			);
			path = Vibra;
			sourceTree = "<group>";
		};
		9BC05F6B2A290FE6005D6B45 /* Controllers */ = {
			isa = PBXGroup;
			children = (
				9BC05F772A291512005D6B45 /* Other */,
				9BC05F762A291504005D6B45 /* Core */,
			);
			path = Controllers;
			sourceTree = "<group>";
		};
		9BC05F6C2A290FF3005D6B45 /* Views */ = {
			isa = PBXGroup;
			children = (
				9BB23C582A44BDF800E85107 /* Browse */,
				9BC05F622A290F79005D6B45 /* LaunchScreen.storyboard */,
			);
			path = Views;
			sourceTree = "<group>";
		};
		9BC05F6D2A290FFA005D6B45 /* ViewModel */ = {
			isa = PBXGroup;
			children = (
				9BB23C5F2A44DA8800E85107 /* NewReleasesCellViewModel.swift */,
				9BB23C612A45935C00E85107 /* FeaturedPlaylistCellViewModel.swift */,
				9BB23C632A4593AD00E85107 /* RecommendedTrackCellViewModel.swift */,
			);
			path = ViewModel;
			sourceTree = "<group>";
		};
		9BC05F6E2A29100E005D6B45 /* Managers */ = {
			isa = PBXGroup;
			children = (
				9BC05F862A2915DD005D6B45 /* AuthManager.swift */,
				9BC05F882A2915EF005D6B45 /* APICaller.swift */,
				9BC05F8A2A291601005D6B45 /* HapticsManager.swift */,
			);
			path = Managers;
			sourceTree = "<group>";
		};
		9BC05F6F2A291016005D6B45 /* Resources */ = {
			isa = PBXGroup;
			children = (
				9BC05F602A290F79005D6B45 /* Assets.xcassets */,
				9BC05F572A290F78005D6B45 /* AppDelegate.swift */,
				9BC05F592A290F78005D6B45 /* SceneDelegate.swift */,
				9BC05F952A29F25D005D6B45 /* Extensions.swift */,
			);
			path = Resources;
			sourceTree = "<group>";
		};
		9BC05F762A291504005D6B45 /* Core */ = {
			isa = PBXGroup;
			children = (
				9BC05F702A2911A9005D6B45 /* TabBarViewController.swift */,
				9BC05F5B2A290F78005D6B45 /* HomeViewController.swift */,
				9BC05F722A2914D6005D6B45 /* SearchViewController.swift */,
				9BC05F742A2914F5005D6B45 /* LibaryViewController.swift */,
			);
			path = Core;
			sourceTree = "<group>";
		};
		9BC05F772A291512005D6B45 /* Other */ = {
			isa = PBXGroup;
			children = (
				9BC05F782A29153D005D6B45 /* AuthViewController.swift */,
				9BC05F7A2A29154B005D6B45 /* WelcomeViewController.swift */,
				9BC05F7C2A29156A005D6B45 /* SettingsViewController.swift */,
				9BC05F7E2A291579005D6B45 /* ProfileViewController.swift */,
				9BC05F802A29158A005D6B45 /* PlayerViewController.swift */,
				9BC05F822A291598005D6B45 /* PlaylistViewController.swift */,
				9BC05F842A2915B1005D6B45 /* SearchResultsViewController.swift */,
			);
			path = Other;
			sourceTree = "<group>";
		};
		9BC05F8C2A291615005D6B45 /* Models */ = {
			isa = PBXGroup;
			children = (
				9BC05F8D2A29162A005D6B45 /* Playlist.swift */,
				9BC05F8F2A29163F005D6B45 /* AudioTrack.swift */,
				9BC05F912A291647005D6B45 /* Artist.swift */,
				9BC05F932A29165E005D6B45 /* UserProfile.swift */,
				9B3F151F2A37855D006827CA /* AuthResponse.swift */,
				9BB23C4C2A43366700E85107 /* SettingsModels.swift */,
				9BB23C4E2A445F9300E85107 /* NewReleasesResponse.swift */,
				9BB23C502A4460EE00E85107 /* APIImage.swift */,
				9BB23C522A44659000E85107 /* FeaturedPlaylistResponse.swift */,
				9BB23C542A4468E600E85107 /* RecoommendedGenreResponse.swift */,
				9BB23C562A446D2000E85107 /* RecommendationsResponse.swift */,
			);
			path = Models;
			sourceTree = "<group>";
		};
/* End PBXGroup section */

/* Begin PBXNativeTarget section */
		9BC05F532A290F78005D6B45 /* Vibra */ = {
			isa = PBXNativeTarget;
			buildConfigurationList = 9BC05F682A290F79005D6B45 /* Build configuration list for PBXNativeTarget "Vibra" */;
			buildPhases = (
				9F7230724E013429BD2740E8 /* [CP] Check Pods Manifest.lock */,
				9BC05F502A290F78005D6B45 /* Sources */,
				9BC05F512A290F78005D6B45 /* Frameworks */,
				9BC05F522A290F78005D6B45 /* Resources */,
				483F81D8D306C4EB6227F706 /* [CP] Embed Pods Frameworks */,
			);
			buildRules = (
			);
			dependencies = (
			);
			name = Vibra;
			productName = Vibra;
			productReference = 9BC05F542A290F78005D6B45 /* Vibra.app */;
			productType = "com.apple.product-type.application";
		};
/* End PBXNativeTarget section */

/* Begin PBXProject section */
		9BC05F4C2A290F78005D6B45 /* Project object */ = {
			isa = PBXProject;
			attributes = {
				BuildIndependentTargetsInParallel = 1;
				LastSwiftUpdateCheck = 1430;
				LastUpgradeCheck = 1430;
				TargetAttributes = {
					9BC05F532A290F78005D6B45 = {
						CreatedOnToolsVersion = 14.3;
					};
				};
			};
			buildConfigurationList = 9BC05F4F2A290F78005D6B45 /* Build configuration list for PBXProject "Vibra" */;
			compatibilityVersion = "Xcode 14.0";
			developmentRegion = en;
			hasScannedForEncodings = 0;
			knownRegions = (
				en,
				Base,
			);
			mainGroup = 9BC05F4B2A290F78005D6B45;
			productRefGroup = 9BC05F552A290F78005D6B45 /* Products */;
			projectDirPath = "";
			projectRoot = "";
			targets = (
				9BC05F532A290F78005D6B45 /* Vibra */,
			);
		};
/* End PBXProject section */

/* Begin PBXResourcesBuildPhase section */
		9BC05F522A290F78005D6B45 /* Resources */ = {
			isa = PBXResourcesBuildPhase;
			buildActionMask = 2147483647;
			files = (
				9BC05F642A290F79005D6B45 /* LaunchScreen.storyboard in Resources */,
				9BC05F612A290F79005D6B45 /* Assets.xcassets in Resources */,
			);
			runOnlyForDeploymentPostprocessing = 0;
		};
/* End PBXResourcesBuildPhase section */

/* Begin PBXShellScriptBuildPhase section */
		483F81D8D306C4EB6227F706 /* [CP] Embed Pods Frameworks */ = {
			isa = PBXShellScriptBuildPhase;
			buildActionMask = 2147483647;
			files = (
			);
			inputFileListPaths = (
				"${PODS_ROOT}/Target Support Files/Pods-Vibra/Pods-Vibra-frameworks-${CONFIGURATION}-input-files.xcfilelist",
			);
			name = "[CP] Embed Pods Frameworks";
			outputFileListPaths = (
				"${PODS_ROOT}/Target Support Files/Pods-Vibra/Pods-Vibra-frameworks-${CONFIGURATION}-output-files.xcfilelist",
			);
			runOnlyForDeploymentPostprocessing = 0;
			shellPath = /bin/sh;
			shellScript = "\"${PODS_ROOT}/Target Support Files/Pods-Vibra/Pods-Vibra-frameworks.sh\"\n";
			showEnvVarsInLog = 0;
		};
		9F7230724E013429BD2740E8 /* [CP] Check Pods Manifest.lock */ = {
			isa = PBXShellScriptBuildPhase;
			buildActionMask = 2147483647;
			files = (
			);
			inputFileListPaths = (
			);
			inputPaths = (
				"${PODS_PODFILE_DIR_PATH}/Podfile.lock",
				"${PODS_ROOT}/Manifest.lock",
			);
			name = "[CP] Check Pods Manifest.lock";
			outputFileListPaths = (
			);
			outputPaths = (
				"$(DERIVED_FILE_DIR)/Pods-Vibra-checkManifestLockResult.txt",
			);
			runOnlyForDeploymentPostprocessing = 0;
			shellPath = /bin/sh;
			shellScript = "diff \"${PODS_PODFILE_DIR_PATH}/Podfile.lock\" \"${PODS_ROOT}/Manifest.lock\" > /dev/null\nif [ $? != 0 ] ; then\n    # print error to STDERR\n    echo \"error: The sandbox is not in sync with the Podfile.lock. Run 'pod install' or update your CocoaPods installation.\" >&2\n    exit 1\nfi\n# This output is used by Xcode 'outputs' to avoid re-running this script phase.\necho \"SUCCESS\" > \"${SCRIPT_OUTPUT_FILE_0}\"\n";
			showEnvVarsInLog = 0;
		};
/* End PBXShellScriptBuildPhase section */

/* Begin PBXSourcesBuildPhase section */
		9BC05F502A290F78005D6B45 /* Sources */ = {
			isa = PBXSourcesBuildPhase;
			buildActionMask = 2147483647;
			files = (
				9BC05F732A2914D6005D6B45 /* SearchViewController.swift in Sources */,
				9BC05F8E2A29162A005D6B45 /* Playlist.swift in Sources */,
				9BB23C552A4468E600E85107 /* RecoommendedGenreResponse.swift in Sources */,
				9BB23C602A44DA8800E85107 /* NewReleasesCellViewModel.swift in Sources */,
				9BB23C642A4593AD00E85107 /* RecommendedTrackCellViewModel.swift in Sources */,
				9BC05F872A2915DD005D6B45 /* AuthManager.swift in Sources */,
				9BB23C622A45935C00E85107 /* FeaturedPlaylistCellViewModel.swift in Sources */,
				9BC05F852A2915B1005D6B45 /* SearchResultsViewController.swift in Sources */,
				9BB23C532A44659000E85107 /* FeaturedPlaylistResponse.swift in Sources */,
				9BC05F7B2A29154B005D6B45 /* WelcomeViewController.swift in Sources */,
				9BC05F7F2A291579005D6B45 /* ProfileViewController.swift in Sources */,
				9BB23C5E2A44BE5200E85107 /* RecommendedTrackCollectionViewCell.swift in Sources */,
				9BC05F712A2911A9005D6B45 /* TabBarViewController.swift in Sources */,
				9BC05F8B2A291601005D6B45 /* HapticsManager.swift in Sources */,
				9B3F15202A37855D006827CA /* AuthResponse.swift in Sources */,
				9BB23C572A446D2000E85107 /* RecommendationsResponse.swift in Sources */,
				9BB23C4F2A445F9300E85107 /* NewReleasesResponse.swift in Sources */,
				9BB23C512A4460EE00E85107 /* APIImage.swift in Sources */,
				9BB23C5A2A44BE3000E85107 /* NewReleaseCollectionViewCell.swift in Sources */,
				9BC05F902A29163F005D6B45 /* AudioTrack.swift in Sources */,
				9BB23C5C2A44BE4300E85107 /* FeaturedPlaylistCollectionViewCell.swift in Sources */,
				9BC05F5C2A290F78005D6B45 /* HomeViewController.swift in Sources */,
				9BC05F792A29153D005D6B45 /* AuthViewController.swift in Sources */,
				9BC05F752A2914F5005D6B45 /* LibaryViewController.swift in Sources */,
				9BC05F942A29165E005D6B45 /* UserProfile.swift in Sources */,
				9BC05F962A29F25D005D6B45 /* Extensions.swift in Sources */,
				9BC05F582A290F78005D6B45 /* AppDelegate.swift in Sources */,
				9BC05F922A291647005D6B45 /* Artist.swift in Sources */,
				9BB23C4D2A43366700E85107 /* SettingsModels.swift in Sources */,
				9BC05F832A291598005D6B45 /* PlaylistViewController.swift in Sources */,
				9BC05F5A2A290F78005D6B45 /* SceneDelegate.swift in Sources */,
				9BC05F812A29158A005D6B45 /* PlayerViewController.swift in Sources */,
				9BC05F892A2915EF005D6B45 /* APICaller.swift in Sources */,
				9BC05F7D2A29156A005D6B45 /* SettingsViewController.swift in Sources */,
			);
			runOnlyForDeploymentPostprocessing = 0;
		};
/* End PBXSourcesBuildPhase section */

/* Begin PBXVariantGroup section */
		9BC05F622A290F79005D6B45 /* LaunchScreen.storyboard */ = {
			isa = PBXVariantGroup;
			children = (
				9BC05F632A290F79005D6B45 /* Base */,
			);
			name = LaunchScreen.storyboard;
			sourceTree = "<group>";
		};
/* End PBXVariantGroup section */

/* Begin XCBuildConfiguration section */
		9BC05F662A290F79005D6B45 /* Debug */ = {
			isa = XCBuildConfiguration;
			buildSettings = {
				ALWAYS_SEARCH_USER_PATHS = NO;
				CLANG_ANALYZER_NONNULL = YES;
				CLANG_ANALYZER_NUMBER_OBJECT_CONVERSION = YES_AGGRESSIVE;
				CLANG_CXX_LANGUAGE_STANDARD = "gnu++20";
				CLANG_ENABLE_MODULES = YES;
				CLANG_ENABLE_OBJC_ARC = YES;
				CLANG_ENABLE_OBJC_WEAK = YES;
				CLANG_WARN_BLOCK_CAPTURE_AUTORELEASING = YES;
				CLANG_WARN_BOOL_CONVERSION = YES;
				CLANG_WARN_COMMA = YES;
				CLANG_WARN_CONSTANT_CONVERSION = YES;
				CLANG_WARN_DEPRECATED_OBJC_IMPLEMENTATIONS = YES;
				CLANG_WARN_DIRECT_OBJC_ISA_USAGE = YES_ERROR;
				CLANG_WARN_DOCUMENTATION_COMMENTS = YES;
				CLANG_WARN_EMPTY_BODY = YES;
				CLANG_WARN_ENUM_CONVERSION = YES;
				CLANG_WARN_INFINITE_RECURSION = YES;
				CLANG_WARN_INT_CONVERSION = YES;
				CLANG_WARN_NON_LITERAL_NULL_CONVERSION = YES;
				CLANG_WARN_OBJC_IMPLICIT_RETAIN_SELF = YES;
				CLANG_WARN_OBJC_LITERAL_CONVERSION = YES;
				CLANG_WARN_OBJC_ROOT_CLASS = YES_ERROR;
				CLANG_WARN_QUOTED_INCLUDE_IN_FRAMEWORK_HEADER = YES;
				CLANG_WARN_RANGE_LOOP_ANALYSIS = YES;
				CLANG_WARN_STRICT_PROTOTYPES = YES;
				CLANG_WARN_SUSPICIOUS_MOVE = YES;
				CLANG_WARN_UNGUARDED_AVAILABILITY = YES_AGGRESSIVE;
				CLANG_WARN_UNREACHABLE_CODE = YES;
				CLANG_WARN__DUPLICATE_METHOD_MATCH = YES;
				COPY_PHASE_STRIP = NO;
				DEBUG_INFORMATION_FORMAT = dwarf;
				ENABLE_STRICT_OBJC_MSGSEND = YES;
				ENABLE_TESTABILITY = YES;
				GCC_C_LANGUAGE_STANDARD = gnu11;
				GCC_DYNAMIC_NO_PIC = NO;
				GCC_NO_COMMON_BLOCKS = YES;
				GCC_OPTIMIZATION_LEVEL = 0;
				GCC_PREPROCESSOR_DEFINITIONS = (
					"DEBUG=1",
					"$(inherited)",
				);
				GCC_WARN_64_TO_32_BIT_CONVERSION = YES;
				GCC_WARN_ABOUT_RETURN_TYPE = YES_ERROR;
				GCC_WARN_UNDECLARED_SELECTOR = YES;
				GCC_WARN_UNINITIALIZED_AUTOS = YES_AGGRESSIVE;
				GCC_WARN_UNUSED_FUNCTION = YES;
				GCC_WARN_UNUSED_VARIABLE = YES;
				IPHONEOS_DEPLOYMENT_TARGET = 16.4;
				MTL_ENABLE_DEBUG_INFO = INCLUDE_SOURCE;
				MTL_FAST_MATH = YES;
				ONLY_ACTIVE_ARCH = YES;
				SDKROOT = iphoneos;
				SWIFT_ACTIVE_COMPILATION_CONDITIONS = DEBUG;
				SWIFT_OPTIMIZATION_LEVEL = "-Onone";
			};
			name = Debug;
		};
		9BC05F672A290F79005D6B45 /* Release */ = {
			isa = XCBuildConfiguration;
			buildSettings = {
				ALWAYS_SEARCH_USER_PATHS = NO;
				CLANG_ANALYZER_NONNULL = YES;
				CLANG_ANALYZER_NUMBER_OBJECT_CONVERSION = YES_AGGRESSIVE;
				CLANG_CXX_LANGUAGE_STANDARD = "gnu++20";
				CLANG_ENABLE_MODULES = YES;
				CLANG_ENABLE_OBJC_ARC = YES;
				CLANG_ENABLE_OBJC_WEAK = YES;
				CLANG_WARN_BLOCK_CAPTURE_AUTORELEASING = YES;
				CLANG_WARN_BOOL_CONVERSION = YES;
				CLANG_WARN_COMMA = YES;
				CLANG_WARN_CONSTANT_CONVERSION = YES;
				CLANG_WARN_DEPRECATED_OBJC_IMPLEMENTATIONS = YES;
				CLANG_WARN_DIRECT_OBJC_ISA_USAGE = YES_ERROR;
				CLANG_WARN_DOCUMENTATION_COMMENTS = YES;
				CLANG_WARN_EMPTY_BODY = YES;
				CLANG_WARN_ENUM_CONVERSION = YES;
				CLANG_WARN_INFINITE_RECURSION = YES;
				CLANG_WARN_INT_CONVERSION = YES;
				CLANG_WARN_NON_LITERAL_NULL_CONVERSION = YES;
				CLANG_WARN_OBJC_IMPLICIT_RETAIN_SELF = YES;
				CLANG_WARN_OBJC_LITERAL_CONVERSION = YES;
				CLANG_WARN_OBJC_ROOT_CLASS = YES_ERROR;
				CLANG_WARN_QUOTED_INCLUDE_IN_FRAMEWORK_HEADER = YES;
				CLANG_WARN_RANGE_LOOP_ANALYSIS = YES;
				CLANG_WARN_STRICT_PROTOTYPES = YES;
				CLANG_WARN_SUSPICIOUS_MOVE = YES;
				CLANG_WARN_UNGUARDED_AVAILABILITY = YES_AGGRESSIVE;
				CLANG_WARN_UNREACHABLE_CODE = YES;
				CLANG_WARN__DUPLICATE_METHOD_MATCH = YES;
				COPY_PHASE_STRIP = NO;
				DEBUG_INFORMATION_FORMAT = "dwarf-with-dsym";
				ENABLE_NS_ASSERTIONS = NO;
				ENABLE_STRICT_OBJC_MSGSEND = YES;
				GCC_C_LANGUAGE_STANDARD = gnu11;
				GCC_NO_COMMON_BLOCKS = YES;
				GCC_WARN_64_TO_32_BIT_CONVERSION = YES;
				GCC_WARN_ABOUT_RETURN_TYPE = YES_ERROR;
				GCC_WARN_UNDECLARED_SELECTOR = YES;
				GCC_WARN_UNINITIALIZED_AUTOS = YES_AGGRESSIVE;
				GCC_WARN_UNUSED_FUNCTION = YES;
				GCC_WARN_UNUSED_VARIABLE = YES;
				IPHONEOS_DEPLOYMENT_TARGET = 16.4;
				MTL_ENABLE_DEBUG_INFO = NO;
				MTL_FAST_MATH = YES;
				SDKROOT = iphoneos;
				SWIFT_COMPILATION_MODE = wholemodule;
				SWIFT_OPTIMIZATION_LEVEL = "-O";
				VALIDATE_PRODUCT = YES;
			};
			name = Release;
		};
		9BC05F692A290F79005D6B45 /* Debug */ = {
			isa = XCBuildConfiguration;
			baseConfigurationReference = E59B46A5BFDA46B0739A8E16 /* Pods-Vibra.debug.xcconfig */;
			buildSettings = {
				ASSETCATALOG_COMPILER_APPICON_NAME = AppIcon;
				ASSETCATALOG_COMPILER_GLOBAL_ACCENT_COLOR_NAME = AccentColor;
				CODE_SIGN_STYLE = Automatic;
				CURRENT_PROJECT_VERSION = 1;
				DEVELOPMENT_TEAM = 28LCYBEPQ2;
				GENERATE_INFOPLIST_FILE = YES;
				INFOPLIST_FILE = Vibra/Info.plist;
				INFOPLIST_KEY_UIApplicationSupportsIndirectInputEvents = YES;
				INFOPLIST_KEY_UILaunchStoryboardName = LaunchScreen;
				INFOPLIST_KEY_UISupportedInterfaceOrientations_iPad = "UIInterfaceOrientationPortrait UIInterfaceOrientationPortraitUpsideDown UIInterfaceOrientationLandscapeLeft UIInterfaceOrientationLandscapeRight";
				INFOPLIST_KEY_UISupportedInterfaceOrientations_iPhone = "UIInterfaceOrientationPortrait UIInterfaceOrientationLandscapeLeft UIInterfaceOrientationLandscapeRight";
				LD_RUNPATH_SEARCH_PATHS = (
					"$(inherited)",
					"@executable_path/Frameworks",
				);
				MARKETING_VERSION = 1.0;
				PRODUCT_BUNDLE_IDENTIFIER = com.dommontalto.Vibra;
				PRODUCT_NAME = "$(TARGET_NAME)";
				SWIFT_EMIT_LOC_STRINGS = YES;
				SWIFT_VERSION = 5.0;
				TARGETED_DEVICE_FAMILY = "1,2";
			};
			name = Debug;
		};
		9BC05F6A2A290F79005D6B45 /* Release */ = {
			isa = XCBuildConfiguration;
			baseConfigurationReference = CFC62AA2599371279B7B210B /* Pods-Vibra.release.xcconfig */;
			buildSettings = {
				ASSETCATALOG_COMPILER_APPICON_NAME = AppIcon;
				ASSETCATALOG_COMPILER_GLOBAL_ACCENT_COLOR_NAME = AccentColor;
				CODE_SIGN_STYLE = Automatic;
				CURRENT_PROJECT_VERSION = 1;
				DEVELOPMENT_TEAM = 28LCYBEPQ2;
				GENERATE_INFOPLIST_FILE = YES;
				INFOPLIST_FILE = Vibra/Info.plist;
				INFOPLIST_KEY_UIApplicationSupportsIndirectInputEvents = YES;
				INFOPLIST_KEY_UILaunchStoryboardName = LaunchScreen;
				INFOPLIST_KEY_UISupportedInterfaceOrientations_iPad = "UIInterfaceOrientationPortrait UIInterfaceOrientationPortraitUpsideDown UIInterfaceOrientationLandscapeLeft UIInterfaceOrientationLandscapeRight";
				INFOPLIST_KEY_UISupportedInterfaceOrientations_iPhone = "UIInterfaceOrientationPortrait UIInterfaceOrientationLandscapeLeft UIInterfaceOrientationLandscapeRight";
				LD_RUNPATH_SEARCH_PATHS = (
					"$(inherited)",
					"@executable_path/Frameworks",
				);
				MARKETING_VERSION = 1.0;
				PRODUCT_BUNDLE_IDENTIFIER = com.dommontalto.Vibra;
				PRODUCT_NAME = "$(TARGET_NAME)";
				SWIFT_EMIT_LOC_STRINGS = YES;
				SWIFT_VERSION = 5.0;
				TARGETED_DEVICE_FAMILY = "1,2";
			};
			name = Release;
		};
/* End XCBuildConfiguration section */

/* Begin XCConfigurationList section */
		9BC05F4F2A290F78005D6B45 /* Build configuration list for PBXProject "Vibra" */ = {
			isa = XCConfigurationList;
			buildConfigurations = (
				9BC05F662A290F79005D6B45 /* Debug */,
				9BC05F672A290F79005D6B45 /* Release */,
			);
			defaultConfigurationIsVisible = 0;
			defaultConfigurationName = Release;
		};
		9BC05F682A290F79005D6B45 /* Build configuration list for PBXNativeTarget "Vibra" */ = {
			isa = XCConfigurationList;
			buildConfigurations = (
				9BC05F692A290F79005D6B45 /* Debug */,
				9BC05F6A2A290F79005D6B45 /* Release */,
			);
			defaultConfigurationIsVisible = 0;
			defaultConfigurationName = Release;
		};
/* End XCConfigurationList section */
	};
	rootObject = 9BC05F4C2A290F78005D6B45 /* Project object */;
}
